
Microsoft Visual Studio Solution File, Format Version 12.00
# Visual Studio Version 17
VisualStudioVersion = 17.0.32126.317
MinimumVisualStudioVersion = 10.0.40219.1
Project("{FAE04EC0-301F-11D3-BF4B-00C04F79EFBC}") = "C Sharp Assignment 3", "C Sharp Assignment 3\C Sharp Assignment 3.csproj", "{80F9D353-90BD-4D42-BD30-1BD8BA2CD6D7}"
EndProject
Project("{FAE04EC0-301F-11D3-BF4B-00C04F79EFBC}") = "Assignment3.Tests", "Assignment3.Tests\Assignment3.Tests.csproj", "{F3D7E7A9-77FA-4C07-9DEA-5CB44AE215A6}"
EndProject
Global
	GlobalSection(SolutionConfigurationPlatforms) = preSolution
		Debug|Any CPU = Debug|Any CPU
		Release|Any CPU = Release|Any CPU
	EndGlobalSection
	GlobalSection(ProjectConfigurationPlatforms) = postSolution
		{80F9D353-90BD-4D42-BD30-1BD8BA2CD6D7}.Debug|Any CPU.ActiveCfg = Debug|Any CPU
		{80F9D353-90BD-4D42-BD30-1BD8BA2CD6D7}.Debug|Any CPU.Build.0 = Debug|Any CPU
		{80F9D353-90BD-4D42-BD30-1BD8BA2CD6D7}.Release|Any CPU.ActiveCfg = Release|Any CPU
		{80F9D353-90BD-4D42-BD30-1BD8BA2CD6D7}.Release|Any CPU.Build.0 = Release|Any CPU
		{F3D7E7A9-77FA-4C07-9DEA-5CB44AE215A6}.Debug|Any CPU.ActiveCfg = Debug|Any CPU
		{F3D7E7A9-77FA-4C07-9DEA-5CB44AE215A6}.Debug|Any CPU.Build.0 = Debug|Any CPU
		{F3D7E7A9-77FA-4C07-9DEA-5CB44AE215A6}.Release|Any CPU.ActiveCfg = Release|Any CPU
		{F3D7E7A9-77FA-4C07-9DEA-5CB44AE215A6}.Release|Any CPU.Build.0 = Release|Any CPU
	EndGlobalSection
	GlobalSection(SolutionProperties) = preSolution
		HideSolutionNode = FALSE
	EndGlobalSection
	GlobalSection(ExtensibilityGlobals) = postSolution
		SolutionGuid = {CEA87FE5-CC96-4FC6-B410-250F94ACAF83}
	EndGlobalSection
EndGlobal
