
Microsoft Visual Studio Solution File, Format Version 12.00
# Visual Studio Version 17
VisualStudioVersion = 17.0.32126.317
MinimumVisualStudioVersion = 10.0.40219.1
Project("{FAE04EC0-301F-11D3-BF4B-00C04F79EFBC}") = "C Sharp Assignment 1", "C Sharp Assignment 1\C Sharp Assignment 1.csproj", "{EBB3A333-B9FC-45D0-9EF2-4C45225FCA34}"
EndProject
Global
	GlobalSection(SolutionConfigurationPlatforms) = preSolution
		Debug|Any CPU = Debug|Any CPU
		Release|Any CPU = Release|Any CPU
	EndGlobalSection
	GlobalSection(ProjectConfigurationPlatforms) = postSolution
		{EBB3A333-B9FC-45D0-9EF2-4C45225FCA34}.Debug|Any CPU.ActiveCfg = Debug|Any CPU
		{EBB3A333-B9FC-45D0-9EF2-4C45225FCA34}.Debug|Any CPU.Build.0 = Debug|Any CPU
		{EBB3A333-B9FC-45D0-9EF2-4C45225FCA34}.Release|Any CPU.ActiveCfg = Release|Any CPU
		{EBB3A333-B9FC-45D0-9EF2-4C45225FCA34}.Release|Any CPU.Build.0 = Release|Any CPU
	EndGlobalSection
	GlobalSection(SolutionProperties) = preSolution
		HideSolutionNode = FALSE
	EndGlobalSection
	GlobalSection(ExtensibilityGlobals) = postSolution
		SolutionGuid = {BCEF27CB-B722-49FC-B1AA-79C5DC8B01FC}
	EndGlobalSection
EndGlobal
